<?xml version="1.0" encoding="utf-8"?>
<Project ToolsVersion="4.0" xmlns="http://schemas.microsoft.com/developer/msbuild/2003">
  <ItemGroup>
    <ClCompile Include="igc_plugin.cpp" />
    <ClCompile Include="plugin.intergen.cpp" />
    <ClCompile Include="plugin.intergen.js.cpp" />
    <ClCompile Include="plugin.cpp" />
  </ItemGroup>
  <ItemGroup>
    <hpp Include="plugin.hpp" />
  </ItemGroup>
  <ItemGroup>
    <Filter Include="ifc">
      <UniqueIdentifier>{6c333f53-7ebc-4d3f-9fe0-5ec985f113c2}</UniqueIdentifier>
    </Filter>
    <Filter Include="ifc\lua">
      <UniqueIdentifier>{6a6a4fa5-04a2-4b8b-b65a-ca62f334bcdb}</UniqueIdentifier>
    </Filter>
    <Filter Include="ifc\js">
      <UniqueIdentifier>{dfbbff3c-e66c-4099-867e-bf817f681468}</UniqueIdentifier>
    </Filter>
  </ItemGroup>
  <ItemGroup>
    <ClInclude Include="ifc\plugin_interface.h">
      <Filter>ifc</Filter>
    </ClInclude>
    <ClInclude Include="ifc\lua\plugin_interface.h">
      <Filter>ifc\lua</Filter>
    </ClInclude>
    <ClInclude Include="ifc\js\plugin_interface.h">
      <Filter>ifc\js</Filter>
    </ClInclude>
  </ItemGroup>
</Project>